// !$*UTF8*$!
{
	archiveVersion = 1;
	classes = {
	};
	objectVersion = 56;
	objects = {

/* Begin PBXBuildFile section */
		AD07598C2A0B3B2100C4C712 /* Expense.swift in Sources */ = {isa = PBXBuildFile; fileRef = AD07598B2A0B3B2100C4C712 /* Expense.swift */; };
		AD07598E2A0B3B3400C4C712 /* ExpenseCategory.swift in Sources */ = {isa = PBXBuildFile; fileRef = AD07598D2A0B3B3400C4C712 /* ExpenseCategory.swift */; };
		AD1CE8A32A0AFF4B0087E944 /* NotificationsViewController.swift in Sources */ = {isa = PBXBuildFile; fileRef = AD1CE8A22A0AFF4B0087E944 /* NotificationsViewController.swift */; };
		AD1CE8A52A0AFF7A0087E944 /* AddIncomeViewController.swift in Sources */ = {isa = PBXBuildFile; fileRef = AD1CE8A42A0AFF7A0087E944 /* AddIncomeViewController.swift */; };
		AD1CE8A72A0AFF850087E944 /* AddExpenseViewController.swift in Sources */ = {isa = PBXBuildFile; fileRef = AD1CE8A62A0AFF850087E944 /* AddExpenseViewController.swift */; };
		AD1CE8A92A0AFFA70087E944 /* BudgetViewController.swift in Sources */ = {isa = PBXBuildFile; fileRef = AD1CE8A82A0AFFA70087E944 /* BudgetViewController.swift */; };
		AD1CE8AB2A0AFFD50087E944 /* AnalyticsViewController.swift in Sources */ = {isa = PBXBuildFile; fileRef = AD1CE8AA2A0AFFD50087E944 /* AnalyticsViewController.swift */; };
		ADCA680229E7B9C700D800A6 /* AppDelegate.swift in Sources */ = {isa = PBXBuildFile; fileRef = ADCA680129E7B9C700D800A6 /* AppDelegate.swift */; };
		ADCA680429E7B9C700D800A6 /* SceneDelegate.swift in Sources */ = {isa = PBXBuildFile; fileRef = ADCA680329E7B9C700D800A6 /* SceneDelegate.swift */; };
		ADCA680629E7B9C700D800A6 /* ViewController.swift in Sources */ = {isa = PBXBuildFile; fileRef = ADCA680529E7B9C700D800A6 /* ViewController.swift */; };
		ADCA680929E7B9C700D800A6 /* Main.storyboard in Resources */ = {isa = PBXBuildFile; fileRef = ADCA680729E7B9C700D800A6 /* Main.storyboard */; };
		ADCA680C29E7B9C700D800A6 /* Personal_Expense_Tracker___PROTOTYPE.xcdatamodeld in Sources */ = {isa = PBXBuildFile; fileRef = ADCA680A29E7B9C700D800A6 /* Personal_Expense_Tracker___PROTOTYPE.xcdatamodeld */; };
		ADCA680E29E7B9C800D800A6 /* Assets.xcassets in Resources */ = {isa = PBXBuildFile; fileRef = ADCA680D29E7B9C800D800A6 /* Assets.xcassets */; };
		ADCA681129E7B9C800D800A6 /* LaunchScreen.storyboard in Resources */ = {isa = PBXBuildFile; fileRef = ADCA680F29E7B9C800D800A6 /* LaunchScreen.storyboard */; };
		ADCA681929E7B9E300D800A6 /* User.swift in Sources */ = {isa = PBXBuildFile; fileRef = ADCA681829E7B9E300D800A6 /* User.swift */; };
		ADCA681B29E7B9F100D800A6 /* Transaction.swift in Sources */ = {isa = PBXBuildFile; fileRef = ADCA681A29E7B9F100D800A6 /* Transaction.swift */; };
		ADCA681D29E7BA2100D800A6 /* Category.swift in Sources */ = {isa = PBXBuildFile; fileRef = ADCA681C29E7BA2100D800A6 /* Category.swift */; };
		ADCA681F29E7BA4000D800A6 /* Budget.swift in Sources */ = {isa = PBXBuildFile; fileRef = ADCA681E29E7BA4000D800A6 /* Budget.swift */; };
		ADCA682129E7BA5A00D800A6 /* Notification.swift in Sources */ = {isa = PBXBuildFile; fileRef = ADCA682029E7BA5A00D800A6 /* Notification.swift */; };
		ADCA682329E7BA6A00D800A6 /* Analytics.swift in Sources */ = {isa = PBXBuildFile; fileRef = ADCA682229E7BA6A00D800A6 /* Analytics.swift */; };
		ADCA682529E7C20D00D800A6 /* LoginViewController.swift in Sources */ = {isa = PBXBuildFile; fileRef = ADCA682429E7C20D00D800A6 /* LoginViewController.swift */; };
		ADCA682729E7C46900D800A6 /* RegisterViewController.swift in Sources */ = {isa = PBXBuildFile; fileRef = ADCA682629E7C46900D800A6 /* RegisterViewController.swift */; };
		ADCA682929E7C50E00D800A6 /* DataStore.swift in Sources */ = {isa = PBXBuildFile; fileRef = ADCA682829E7C50E00D800A6 /* DataStore.swift */; };
		ADCA682B29E7C88E00D800A6 /* DashboardViewController.swift in Sources */ = {isa = PBXBuildFile; fileRef = ADCA682A29E7C88E00D800A6 /* DashboardViewController.swift */; };
		ADCA682F29E7F56700D800A6 /* SettingsViewController.swift in Sources */ = {isa = PBXBuildFile; fileRef = ADCA682E29E7F56700D800A6 /* SettingsViewController.swift */; };
/* End PBXBuildFile section */

/* Begin PBXFileReference section */
		AD07598B2A0B3B2100C4C712 /* Expense.swift */ = {isa = PBXFileReference; lastKnownFileType = sourcecode.swift; path = Expense.swift; sourceTree = "<group>"; };
		AD07598D2A0B3B3400C4C712 /* ExpenseCategory.swift */ = {isa = PBXFileReference; lastKnownFileType = sourcecode.swift; path = ExpenseCategory.swift; sourceTree = "<group>"; };
		AD1CE8A22A0AFF4B0087E944 /* NotificationsViewController.swift */ = {isa = PBXFileReference; lastKnownFileType = sourcecode.swift; path = NotificationsViewController.swift; sourceTree = "<group>"; };
		AD1CE8A42A0AFF7A0087E944 /* AddIncomeViewController.swift */ = {isa = PBXFileReference; lastKnownFileType = sourcecode.swift; path = AddIncomeViewController.swift; sourceTree = "<group>"; };
		AD1CE8A62A0AFF850087E944 /* AddExpenseViewController.swift */ = {isa = PBXFileReference; lastKnownFileType = sourcecode.swift; path = AddExpenseViewController.swift; sourceTree = "<group>"; };
		AD1CE8A82A0AFFA70087E944 /* BudgetViewController.swift */ = {isa = PBXFileReference; lastKnownFileType = sourcecode.swift; path = BudgetViewController.swift; sourceTree = "<group>"; };
		AD1CE8AA2A0AFFD50087E944 /* AnalyticsViewController.swift */ = {isa = PBXFileReference; lastKnownFileType = sourcecode.swift; path = AnalyticsViewController.swift; sourceTree = "<group>"; };
		ADCA67FE29E7B9C700D800A6 /* Personal Expense Tracker - PROTOTYPE.app */ = {isa = PBXFileReference; explicitFileType = wrapper.application; includeInIndex = 0; path = "Personal Expense Tracker - PROTOTYPE.app"; sourceTree = BUILT_PRODUCTS_DIR; };
		ADCA680129E7B9C700D800A6 /* AppDelegate.swift */ = {isa = PBXFileReference; lastKnownFileType = sourcecode.swift; path = AppDelegate.swift; sourceTree = "<group>"; };
		ADCA680329E7B9C700D800A6 /* SceneDelegate.swift */ = {isa = PBXFileReference; lastKnownFileType = sourcecode.swift; path = SceneDelegate.swift; sourceTree = "<group>"; };
		ADCA680529E7B9C700D800A6 /* ViewController.swift */ = {isa = PBXFileReference; lastKnownFileType = sourcecode.swift; path = ViewController.swift; sourceTree = "<group>"; };
		ADCA680829E7B9C700D800A6 /* Base */ = {isa = PBXFileReference; lastKnownFileType = file.storyboard; name = Base; path = Base.lproj/Main.storyboard; sourceTree = "<group>"; };
		ADCA680B29E7B9C700D800A6 /* Personal_Expense_Tracker___PROTOTYPE.xcdatamodel */ = {isa = PBXFileReference; lastKnownFileType = wrapper.xcdatamodel; path = "Personal_Expense_Tracker___PROTOTYPE.xcdatamodel"; sourceTree = "<group>"; };
		ADCA680D29E7B9C800D800A6 /* Assets.xcassets */ = {isa = PBXFileReference; lastKnownFileType = folder.assetcatalog; path = Assets.xcassets; sourceTree = "<group>"; };
		ADCA681029E7B9C800D800A6 /* Base */ = {isa = PBXFileReference; lastKnownFileType = file.storyboard; name = Base; path = Base.lproj/LaunchScreen.storyboard; sourceTree = "<group>"; };
		ADCA681229E7B9C800D800A6 /* Info.plist */ = {isa = PBXFileReference; lastKnownFileType = text.plist.xml; path = Info.plist; sourceTree = "<group>"; };
		ADCA681829E7B9E300D800A6 /* User.swift */ = {isa = PBXFileReference; lastKnownFileType = sourcecode.swift; path = User.swift; sourceTree = "<group>"; };
		ADCA681A29E7B9F100D800A6 /* Transaction.swift */ = {isa = PBXFileReference; lastKnownFileType = sourcecode.swift; path = Transaction.swift; sourceTree = "<group>"; };
		ADCA681C29E7BA2100D800A6 /* Category.swift */ = {isa = PBXFileReference; lastKnownFileType = sourcecode.swift; path = Category.swift; sourceTree = "<group>"; };
		ADCA681E29E7BA4000D800A6 /* Budget.swift */ = {isa = PBXFileReference; lastKnownFileType = sourcecode.swift; path = Budget.swift; sourceTree = "<group>"; };
		ADCA682029E7BA5A00D800A6 /* Notification.swift */ = {isa = PBXFileReference; lastKnownFileType = sourcecode.swift; path = Notification.swift; sourceTree = "<group>"; };
		ADCA682229E7BA6A00D800A6 /* Analytics.swift */ = {isa = PBXFileReference; lastKnownFileType = sourcecode.swift; path = Analytics.swift; sourceTree = "<group>"; };
		ADCA682429E7C20D00D800A6 /* LoginViewController.swift */ = {isa = PBXFileReference; lastKnownFileType = sourcecode.swift; path = LoginViewController.swift; sourceTree = "<group>"; };
		ADCA682629E7C46900D800A6 /* RegisterViewController.swift */ = {isa = PBXFileReference; lastKnownFileType = sourcecode.swift; path = RegisterViewController.swift; sourceTree = "<group>"; };
		ADCA682829E7C50E00D800A6 /* DataStore.swift */ = {isa = PBXFileReference; lastKnownFileType = sourcecode.swift; path = DataStore.swift; sourceTree = "<group>"; };
		ADCA682A29E7C88E00D800A6 /* DashboardViewController.swift */ = {isa = PBXFileReference; lastKnownFileType = sourcecode.swift; path = DashboardViewController.swift; sourceTree = "<group>"; };
		ADCA682E29E7F56700D800A6 /* SettingsViewController.swift */ = {isa = PBXFileReference; lastKnownFileType = sourcecode.swift; path = SettingsViewController.swift; sourceTree = "<group>"; };
/* End PBXFileReference section */

/* Begin PBXFrameworksBuildPhase section */
		ADCA67FB29E7B9C700D800A6 /* Frameworks */ = {
			isa = PBXFrameworksBuildPhase;
			buildActionMask = 2147483647;
			files = (
			);
			runOnlyForDeploymentPostprocessing = 0;
		};
/* End PBXFrameworksBuildPhase section */

/* Begin PBXGroup section */
		ADCA67F529E7B9C700D800A6 = {
			isa = PBXGroup;
			children = (
				ADCA680029E7B9C700D800A6 /* Personal Expense Tracker - PROTOTYPE */,
				ADCA67FF29E7B9C700D800A6 /* Products */,
			);
			sourceTree = "<group>";
		};
		ADCA67FF29E7B9C700D800A6 /* Products */ = {
			isa = PBXGroup;
			children = (
				ADCA67FE29E7B9C700D800A6 /* Personal Expense Tracker - PROTOTYPE.app */,
			);
			name = Products;
			sourceTree = "<group>";
		};
		ADCA680029E7B9C700D800A6 /* Personal Expense Tracker - PROTOTYPE */ = {
			isa = PBXGroup;
			children = (
				ADCA680129E7B9C700D800A6 /* AppDelegate.swift */,
				ADCA681C29E7BA2100D800A6 /* Category.swift */,
				ADCA681E29E7BA4000D800A6 /* Budget.swift */,
				ADCA682029E7BA5A00D800A6 /* Notification.swift */,
				ADCA682229E7BA6A00D800A6 /* Analytics.swift */,
				ADCA680329E7B9C700D800A6 /* SceneDelegate.swift */,
				ADCA681829E7B9E300D800A6 /* User.swift */,
				ADCA681A29E7B9F100D800A6 /* Transaction.swift */,
				ADCA680529E7B9C700D800A6 /* ViewController.swift */,
				ADCA680729E7B9C700D800A6 /* Main.storyboard */,
				AD1CE8AA2A0AFFD50087E944 /* AnalyticsViewController.swift */,
				AD1CE8A82A0AFFA70087E944 /* BudgetViewController.swift */,
				AD07598B2A0B3B2100C4C712 /* Expense.swift */,
				AD07598D2A0B3B3400C4C712 /* ExpenseCategory.swift */,
				AD1CE8A62A0AFF850087E944 /* AddExpenseViewController.swift */,
				AD1CE8A42A0AFF7A0087E944 /* AddIncomeViewController.swift */,
				AD1CE8A22A0AFF4B0087E944 /* NotificationsViewController.swift */,
				ADCA682E29E7F56700D800A6 /* SettingsViewController.swift */,
				ADCA682A29E7C88E00D800A6 /* DashboardViewController.swift */,
				ADCA682629E7C46900D800A6 /* RegisterViewController.swift */,
				ADCA682429E7C20D00D800A6 /* LoginViewController.swift */,
				ADCA682829E7C50E00D800A6 /* DataStore.swift */,
				ADCA680D29E7B9C800D800A6 /* Assets.xcassets */,
				ADCA680F29E7B9C800D800A6 /* LaunchScreen.storyboard */,
				ADCA681229E7B9C800D800A6 /* Info.plist */,
				ADCA680A29E7B9C700D800A6 /* Personal_Expense_Tracker___PROTOTYPE.xcdatamodeld */,
			);
			path = "Personal Expense Tracker - PROTOTYPE";
			sourceTree = "<group>";
		};
/* End PBXGroup section */

/* Begin PBXNativeTarget section */
		ADCA67FD29E7B9C700D800A6 /* Personal Expense Tracker - PROTOTYPE */ = {
			isa = PBXNativeTarget;
			buildConfigurationList = ADCA681529E7B9C800D800A6 /* Build configuration list for PBXNativeTarget "Personal Expense Tracker - PROTOTYPE" */;
			buildPhases = (
				ADCA67FA29E7B9C700D800A6 /* Sources */,
				ADCA67FB29E7B9C700D800A6 /* Frameworks */,
				ADCA67FC29E7B9C700D800A6 /* Resources */,
			);
			buildRules = (
			);
			dependencies = (
			);
			name = "Personal Expense Tracker - PROTOTYPE";
			productName = "Personal Expense Tracker - PROTOTYPE";
			productReference = ADCA67FE29E7B9C700D800A6 /* Personal Expense Tracker - PROTOTYPE.app */;
			productType = "com.apple.product-type.application";
		};
/* End PBXNativeTarget section */

/* Begin PBXProject section */
		ADCA67F629E7B9C700D800A6 /* Project object */ = {
			isa = PBXProject;
			attributes = {
				BuildIndependentTargetsInParallel = 1;
				LastSwiftUpdateCheck = 1430;
				LastUpgradeCheck = 1430;
				TargetAttributes = {
					ADCA67FD29E7B9C700D800A6 = {
						CreatedOnToolsVersion = 14.3;
					};
				};
			};
			buildConfigurationList = ADCA67F929E7B9C700D800A6 /* Build configuration list for PBXProject "Personal Expense Tracker - PROTOTYPE" */;
			compatibilityVersion = "Xcode 14.0";
			developmentRegion = en;
			hasScannedForEncodings = 0;
			knownRegions = (
				en,
				Base,
			);
			mainGroup = ADCA67F529E7B9C700D800A6;
			productRefGroup = ADCA67FF29E7B9C700D800A6 /* Products */;
			projectDirPath = "";
			projectRoot = "";
			targets = (
				ADCA67FD29E7B9C700D800A6 /* Personal Expense Tracker - PROTOTYPE */,
			);
		};
/* End PBXProject section */

/* Begin PBXResourcesBuildPhase section */
		ADCA67FC29E7B9C700D800A6 /* Resources */ = {
			isa = PBXResourcesBuildPhase;
			buildActionMask = 2147483647;
			files = (
				ADCA681129E7B9C800D800A6 /* LaunchScreen.storyboard in Resources */,
				ADCA680E29E7B9C800D800A6 /* Assets.xcassets in Resources */,
				ADCA680929E7B9C700D800A6 /* Main.storyboard in Resources */,
			);
			runOnlyForDeploymentPostprocessing = 0;
		};
/* End PBXResourcesBuildPhase section */

/* Begin PBXSourcesBuildPhase section */
		ADCA67FA29E7B9C700D800A6 /* Sources */ = {
			isa = PBXSourcesBuildPhase;
			buildActionMask = 2147483647;
			files = (
				AD07598E2A0B3B3400C4C712 /* ExpenseCategory.swift in Sources */,
				AD07598C2A0B3B2100C4C712 /* Expense.swift in Sources */,
				ADCA682929E7C50E00D800A6 /* DataStore.swift in Sources */,
				ADCA682B29E7C88E00D800A6 /* DashboardViewController.swift in Sources */,
				ADCA680629E7B9C700D800A6 /* ViewController.swift in Sources */,
				ADCA680229E7B9C700D800A6 /* AppDelegate.swift in Sources */,
				ADCA681F29E7BA4000D800A6 /* Budget.swift in Sources */,
				AD1CE8A52A0AFF7A0087E944 /* AddIncomeViewController.swift in Sources */,
				ADCA682729E7C46900D800A6 /* RegisterViewController.swift in Sources */,
				AD1CE8AB2A0AFFD50087E944 /* AnalyticsViewController.swift in Sources */,
				ADCA682129E7BA5A00D800A6 /* Notification.swift in Sources */,
				AD1CE8A92A0AFFA70087E944 /* BudgetViewController.swift in Sources */,
				ADCA681B29E7B9F100D800A6 /* Transaction.swift in Sources */,
				ADCA682F29E7F56700D800A6 /* SettingsViewController.swift in Sources */,
				ADCA680C29E7B9C700D800A6 /* Personal_Expense_Tracker___PROTOTYPE.xcdatamodeld in Sources */,
				ADCA681929E7B9E300D800A6 /* User.swift in Sources */,
				ADCA680429E7B9C700D800A6 /* SceneDelegate.swift in Sources */,
				AD1CE8A72A0AFF850087E944 /* AddExpenseViewController.swift in Sources */,
				ADCA682329E7BA6A00D800A6 /* Analytics.swift in Sources */,
				ADCA681D29E7BA2100D800A6 /* Category.swift in Sources */,
				ADCA682529E7C20D00D800A6 /* LoginViewController.swift in Sources */,
				AD1CE8A32A0AFF4B0087E944 /* NotificationsViewController.swift in Sources */,
			);
			runOnlyForDeploymentPostprocessing = 0;
		};
/* End PBXSourcesBuildPhase section */

/* Begin PBXVariantGroup section */
		ADCA680729E7B9C700D800A6 /* Main.storyboard */ = {
			isa = PBXVariantGroup;
			children = (
				ADCA680829E7B9C700D800A6 /* Base */,
			);
			name = Main.storyboard;
			sourceTree = "<group>";
		};
		ADCA680F29E7B9C800D800A6 /* LaunchScreen.storyboard */ = {
			isa = PBXVariantGroup;
			children = (
				ADCA681029E7B9C800D800A6 /* Base */,
			);
			name = LaunchScreen.storyboard;
			sourceTree = "<group>";
		};
/* End PBXVariantGroup section */

/* Begin XCBuildConfiguration section */
		ADCA681329E7B9C800D800A6 /* Debug */ = {
			isa = XCBuildConfiguration;
			buildSettings = {
				ALWAYS_SEARCH_USER_PATHS = NO;
				CLANG_ANALYZER_NONNULL = YES;
				CLANG_ANALYZER_NUMBER_OBJECT_CONVERSION = YES_AGGRESSIVE;
				CLANG_CXX_LANGUAGE_STANDARD = "gnu++20";
				CLANG_ENABLE_MODULES = YES;
				CLANG_ENABLE_OBJC_ARC = YES;
				CLANG_ENABLE_OBJC_WEAK = YES;
				CLANG_WARN_BLOCK_CAPTURE_AUTORELEASING = YES;
				CLANG_WARN_BOOL_CONVERSION = YES;
				CLANG_WARN_COMMA = YES;
				CLANG_WARN_CONSTANT_CONVERSION = YES;
				CLANG_WARN_DEPRECATED_OBJC_IMPLEMENTATIONS = YES;
				CLANG_WARN_DIRECT_OBJC_ISA_USAGE = YES_ERROR;
				CLANG_WARN_DOCUMENTATION_COMMENTS = YES;
				CLANG_WARN_EMPTY_BODY = YES;
				CLANG_WARN_ENUM_CONVERSION = YES;
				CLANG_WARN_INFINITE_RECURSION = YES;
				CLANG_WARN_INT_CONVERSION = YES;
				CLANG_WARN_NON_LITERAL_NULL_CONVERSION = YES;
				CLANG_WARN_OBJC_IMPLICIT_RETAIN_SELF = YES;
				CLANG_WARN_OBJC_LITERAL_CONVERSION = YES;
				CLANG_WARN_OBJC_ROOT_CLASS = YES_ERROR;
				CLANG_WARN_QUOTED_INCLUDE_IN_FRAMEWORK_HEADER = YES;
				CLANG_WARN_RANGE_LOOP_ANALYSIS = YES;
				CLANG_WARN_STRICT_PROTOTYPES = YES;
				CLANG_WARN_SUSPICIOUS_MOVE = YES;
				CLANG_WARN_UNGUARDED_AVAILABILITY = YES_AGGRESSIVE;
				CLANG_WARN_UNREACHABLE_CODE = YES;
				CLANG_WARN__DUPLICATE_METHOD_MATCH = YES;
				COPY_PHASE_STRIP = NO;
				DEBUG_INFORMATION_FORMAT = dwarf;
				ENABLE_STRICT_OBJC_MSGSEND = YES;
				ENABLE_TESTABILITY = YES;
				GCC_C_LANGUAGE_STANDARD = gnu11;
				GCC_DYNAMIC_NO_PIC = NO;
				GCC_NO_COMMON_BLOCKS = YES;
				GCC_OPTIMIZATION_LEVEL = 0;
				GCC_PREPROCESSOR_DEFINITIONS = (
					"DEBUG=1",
					"$(inherited)",
				);
				GCC_WARN_64_TO_32_BIT_CONVERSION = YES;
				GCC_WARN_ABOUT_RETURN_TYPE = YES_ERROR;
				GCC_WARN_UNDECLARED_SELECTOR = YES;
				GCC_WARN_UNINITIALIZED_AUTOS = YES_AGGRESSIVE;
				GCC_WARN_UNUSED_FUNCTION = YES;
				GCC_WARN_UNUSED_VARIABLE = YES;
				IPHONEOS_DEPLOYMENT_TARGET = 16.4;
				MTL_ENABLE_DEBUG_INFO = INCLUDE_SOURCE;
				MTL_FAST_MATH = YES;
				ONLY_ACTIVE_ARCH = YES;
				SDKROOT = iphoneos;
				SWIFT_ACTIVE_COMPILATION_CONDITIONS = DEBUG;
				SWIFT_OPTIMIZATION_LEVEL = "-Onone";
			};
			name = Debug;
		};
		ADCA681429E7B9C800D800A6 /* Release */ = {
			isa = XCBuildConfiguration;
			buildSettings = {
				ALWAYS_SEARCH_USER_PATHS = NO;
				CLANG_ANALYZER_NONNULL = YES;
				CLANG_ANALYZER_NUMBER_OBJECT_CONVERSION = YES_AGGRESSIVE;
				CLANG_CXX_LANGUAGE_STANDARD = "gnu++20";
				CLANG_ENABLE_MODULES = YES;
				CLANG_ENABLE_OBJC_ARC = YES;
				CLANG_ENABLE_OBJC_WEAK = YES;
				CLANG_WARN_BLOCK_CAPTURE_AUTORELEASING = YES;
				CLANG_WARN_BOOL_CONVERSION = YES;
				CLANG_WARN_COMMA = YES;
				CLANG_WARN_CONSTANT_CONVERSION = YES;
				CLANG_WARN_DEPRECATED_OBJC_IMPLEMENTATIONS = YES;
				CLANG_WARN_DIRECT_OBJC_ISA_USAGE = YES_ERROR;
				CLANG_WARN_DOCUMENTATION_COMMENTS = YES;
				CLANG_WARN_EMPTY_BODY = YES;
				CLANG_WARN_ENUM_CONVERSION = YES;
				CLANG_WARN_INFINITE_RECURSION = YES;
				CLANG_WARN_INT_CONVERSION = YES;
				CLANG_WARN_NON_LITERAL_NULL_CONVERSION = YES;
				CLANG_WARN_OBJC_IMPLICIT_RETAIN_SELF = YES;
				CLANG_WARN_OBJC_LITERAL_CONVERSION = YES;
				CLANG_WARN_OBJC_ROOT_CLASS = YES_ERROR;
				CLANG_WARN_QUOTED_INCLUDE_IN_FRAMEWORK_HEADER = YES;
				CLANG_WARN_RANGE_LOOP_ANALYSIS = YES;
				CLANG_WARN_STRICT_PROTOTYPES = YES;
				CLANG_WARN_SUSPICIOUS_MOVE = YES;
				CLANG_WARN_UNGUARDED_AVAILABILITY = YES_AGGRESSIVE;
				CLANG_WARN_UNREACHABLE_CODE = YES;
				CLANG_WARN__DUPLICATE_METHOD_MATCH = YES;
				COPY_PHASE_STRIP = NO;
				DEBUG_INFORMATION_FORMAT = "dwarf-with-dsym";
				ENABLE_NS_ASSERTIONS = NO;
				ENABLE_STRICT_OBJC_MSGSEND = YES;
				GCC_C_LANGUAGE_STANDARD = gnu11;
				GCC_NO_COMMON_BLOCKS = YES;
				GCC_WARN_64_TO_32_BIT_CONVERSION = YES;
				GCC_WARN_ABOUT_RETURN_TYPE = YES_ERROR;
				GCC_WARN_UNDECLARED_SELECTOR = YES;
				GCC_WARN_UNINITIALIZED_AUTOS = YES_AGGRESSIVE;
				GCC_WARN_UNUSED_FUNCTION = YES;
				GCC_WARN_UNUSED_VARIABLE = YES;
				IPHONEOS_DEPLOYMENT_TARGET = 16.4;
				MTL_ENABLE_DEBUG_INFO = NO;
				MTL_FAST_MATH = YES;
				SDKROOT = iphoneos;
				SWIFT_COMPILATION_MODE = wholemodule;
				SWIFT_OPTIMIZATION_LEVEL = "-O";
				VALIDATE_PRODUCT = YES;
			};
			name = Release;
		};
		ADCA681629E7B9C800D800A6 /* Debug */ = {
			isa = XCBuildConfiguration;
			buildSettings = {
				ASSETCATALOG_COMPILER_APPICON_NAME = AppIcon;
				ASSETCATALOG_COMPILER_GLOBAL_ACCENT_COLOR_NAME = AccentColor;
				CODE_SIGN_STYLE = Automatic;
				CURRENT_PROJECT_VERSION = 1;
				DEVELOPMENT_TEAM = FPPWJNSGQA;
				GENERATE_INFOPLIST_FILE = YES;
				INFOPLIST_FILE = "Personal Expense Tracker - PROTOTYPE/Info.plist";
				INFOPLIST_KEY_UIApplicationSupportsIndirectInputEvents = YES;
				INFOPLIST_KEY_UILaunchStoryboardName = LaunchScreen;
				INFOPLIST_KEY_UIMainStoryboardFile = Main;
				INFOPLIST_KEY_UISupportedInterfaceOrientations_iPad = "UIInterfaceOrientationPortrait UIInterfaceOrientationPortraitUpsideDown UIInterfaceOrientationLandscapeLeft UIInterfaceOrientationLandscapeRight";
				INFOPLIST_KEY_UISupportedInterfaceOrientations_iPhone = "UIInterfaceOrientationPortrait UIInterfaceOrientationLandscapeLeft UIInterfaceOrientationLandscapeRight";
				LD_RUNPATH_SEARCH_PATHS = (
					"$(inherited)",
					"@executable_path/Frameworks",
				);
				MARKETING_VERSION = 1.0;
				PRODUCT_BUNDLE_IDENTIFIER = "com.JN.Personal-Expense-Tracker---PROTOTYPE";
				PRODUCT_NAME = "$(TARGET_NAME)";
				SWIFT_EMIT_LOC_STRINGS = YES;
				SWIFT_VERSION = 5.0;
				TARGETED_DEVICE_FAMILY = "1,2";
			};
			name = Debug;
		};
		ADCA681729E7B9C800D800A6 /* Release */ = {
			isa = XCBuildConfiguration;
			buildSettings = {
				ASSETCATALOG_COMPILER_APPICON_NAME = AppIcon;
				ASSETCATALOG_COMPILER_GLOBAL_ACCENT_COLOR_NAME = AccentColor;
				CODE_SIGN_STYLE = Automatic;
				CURRENT_PROJECT_VERSION = 1;
				DEVELOPMENT_TEAM = FPPWJNSGQA;
				GENERATE_INFOPLIST_FILE = YES;
				INFOPLIST_FILE = "Personal Expense Tracker - PROTOTYPE/Info.plist";
				INFOPLIST_KEY_UIApplicationSupportsIndirectInputEvents = YES;
				INFOPLIST_KEY_UILaunchStoryboardName = LaunchScreen;
				INFOPLIST_KEY_UIMainStoryboardFile = Main;
				INFOPLIST_KEY_UISupportedInterfaceOrientations_iPad = "UIInterfaceOrientationPortrait UIInterfaceOrientationPortraitUpsideDown UIInterfaceOrientationLandscapeLeft UIInterfaceOrientationLandscapeRight";
				INFOPLIST_KEY_UISupportedInterfaceOrientations_iPhone = "UIInterfaceOrientationPortrait UIInterfaceOrientationLandscapeLeft UIInterfaceOrientationLandscapeRight";
				LD_RUNPATH_SEARCH_PATHS = (
					"$(inherited)",
					"@executable_path/Frameworks",
				);
				MARKETING_VERSION = 1.0;
				PRODUCT_BUNDLE_IDENTIFIER = "com.JN.Personal-Expense-Tracker---PROTOTYPE";
				PRODUCT_NAME = "$(TARGET_NAME)";
				SWIFT_EMIT_LOC_STRINGS = YES;
				SWIFT_VERSION = 5.0;
				TARGETED_DEVICE_FAMILY = "1,2";
			};
			name = Release;
		};
/* End XCBuildConfiguration section */

/* Begin XCConfigurationList section */
		ADCA67F929E7B9C700D800A6 /* Build configuration list for PBXProject "Personal Expense Tracker - PROTOTYPE" */ = {
			isa = XCConfigurationList;
			buildConfigurations = (
				ADCA681329E7B9C800D800A6 /* Debug */,
				ADCA681429E7B9C800D800A6 /* Release */,
			);
			defaultConfigurationIsVisible = 0;
			defaultConfigurationName = Release;
		};
		ADCA681529E7B9C800D800A6 /* Build configuration list for PBXNativeTarget "Personal Expense Tracker - PROTOTYPE" */ = {
			isa = XCConfigurationList;
			buildConfigurations = (
				ADCA681629E7B9C800D800A6 /* Debug */,
				ADCA681729E7B9C800D800A6 /* Release */,
			);
			defaultConfigurationIsVisible = 0;
			defaultConfigurationName = Release;
		};
/* End XCConfigurationList section */

/* Begin XCVersionGroup section */
		ADCA680A29E7B9C700D800A6 /* Personal_Expense_Tracker___PROTOTYPE.xcdatamodeld */ = {
			isa = XCVersionGroup;
			children = (
				ADCA680B29E7B9C700D800A6 /* Personal_Expense_Tracker___PROTOTYPE.xcdatamodel */,
			);
			currentVersion = ADCA680B29E7B9C700D800A6 /* Personal_Expense_Tracker___PROTOTYPE.xcdatamodel */;
			path = "Personal_Expense_Tracker___PROTOTYPE.xcdatamodeld";
			sourceTree = "<group>";
			versionGroupType = wrapper.xcdatamodel;
		};
/* End XCVersionGroup section */
	};
	rootObject = ADCA67F629E7B9C700D800A6 /* Project object */;
}
